
Microsoft Visual Studio Solution File, Format Version 12.00
# Visual Studio Version 16
VisualStudioVersion = 16.0.30413.136
MinimumVisualStudioVersion = 10.0.40219.1
Project("{FAE04EC0-301F-11D3-BF4B-00C04F79EFBC}") = "GestionServiceBatiment.ASP", "GestionServiceBatiment.ASP\GestionServiceBatiment.ASP.csproj", "{12B6D0E9-FA02-4156-B632-C23156788EE2}"
EndProject
Project("{FAE04EC0-301F-11D3-BF4B-00C04F79EFBC}") = "GestionServiceBatiment.API", "GestionServiceBatiment.API\GestionServiceBatiment.API.csproj", "{D707DD51-1191-487D-B513-D2EC2A02A0EE}"
EndProject
Project("{FAE04EC0-301F-11D3-BF4B-00C04F79EFBC}") = "GestionServiceBatiment.BLL", "GestionServiceBatiment.BLL\GestionServiceBatiment.BLL.csproj", "{B2693E8F-7BB3-473A-8BD8-F647EB4209DE}"
EndProject
Project("{FAE04EC0-301F-11D3-BF4B-00C04F79EFBC}") = "GestionServiceBatiment.DAL", "GestionServiceBatiment.DAL\GestionServiceBatiment.DAL.csproj", "{769EA0B4-3044-40AC-AE0A-3038EC173468}"
EndProject
Project("{00D1A9C2-B5F0-4AF3-8072-F6C62B433612}") = "GestionServiceBatiment.DB", "GestionServiceBatiment.DB\GestionServiceBatiment.DB.sqlproj", "{502E1710-0E7E-470A-9CDD-D0A2BF43435C}"
EndProject
Project("{FAE04EC0-301F-11D3-BF4B-00C04F79EFBC}") = "Test", "Test\Test.csproj", "{5F74FD96-BB47-48EC-8294-390C4DD57AD6}"
EndProject
Project("{9A19103F-16F7-4668-BE54-9A1E7A4F7556}") = "ToolBox", "ToolBox\ToolBox.csproj", "{70596C63-8926-44ED-859C-DDA5100C0F85}"
EndProject
Global
	GlobalSection(SolutionConfigurationPlatforms) = preSolution
		Debug|Any CPU = Debug|Any CPU
		Release|Any CPU = Release|Any CPU
	EndGlobalSection
	GlobalSection(ProjectConfigurationPlatforms) = postSolution
		{12B6D0E9-FA02-4156-B632-C23156788EE2}.Debug|Any CPU.ActiveCfg = Debug|Any CPU
		{12B6D0E9-FA02-4156-B632-C23156788EE2}.Debug|Any CPU.Build.0 = Debug|Any CPU
		{12B6D0E9-FA02-4156-B632-C23156788EE2}.Release|Any CPU.ActiveCfg = Release|Any CPU
		{12B6D0E9-FA02-4156-B632-C23156788EE2}.Release|Any CPU.Build.0 = Release|Any CPU
		{D707DD51-1191-487D-B513-D2EC2A02A0EE}.Debug|Any CPU.ActiveCfg = Debug|Any CPU
		{D707DD51-1191-487D-B513-D2EC2A02A0EE}.Debug|Any CPU.Build.0 = Debug|Any CPU
		{D707DD51-1191-487D-B513-D2EC2A02A0EE}.Release|Any CPU.ActiveCfg = Release|Any CPU
		{D707DD51-1191-487D-B513-D2EC2A02A0EE}.Release|Any CPU.Build.0 = Release|Any CPU
		{B2693E8F-7BB3-473A-8BD8-F647EB4209DE}.Debug|Any CPU.ActiveCfg = Debug|Any CPU
		{B2693E8F-7BB3-473A-8BD8-F647EB4209DE}.Debug|Any CPU.Build.0 = Debug|Any CPU
		{B2693E8F-7BB3-473A-8BD8-F647EB4209DE}.Release|Any CPU.ActiveCfg = Release|Any CPU
		{B2693E8F-7BB3-473A-8BD8-F647EB4209DE}.Release|Any CPU.Build.0 = Release|Any CPU
		{769EA0B4-3044-40AC-AE0A-3038EC173468}.Debug|Any CPU.ActiveCfg = Debug|Any CPU
		{769EA0B4-3044-40AC-AE0A-3038EC173468}.Debug|Any CPU.Build.0 = Debug|Any CPU
		{769EA0B4-3044-40AC-AE0A-3038EC173468}.Release|Any CPU.ActiveCfg = Release|Any CPU
		{769EA0B4-3044-40AC-AE0A-3038EC173468}.Release|Any CPU.Build.0 = Release|Any CPU
		{502E1710-0E7E-470A-9CDD-D0A2BF43435C}.Debug|Any CPU.ActiveCfg = Debug|Any CPU
		{502E1710-0E7E-470A-9CDD-D0A2BF43435C}.Debug|Any CPU.Build.0 = Debug|Any CPU
		{502E1710-0E7E-470A-9CDD-D0A2BF43435C}.Debug|Any CPU.Deploy.0 = Debug|Any CPU
		{502E1710-0E7E-470A-9CDD-D0A2BF43435C}.Release|Any CPU.ActiveCfg = Release|Any CPU
		{502E1710-0E7E-470A-9CDD-D0A2BF43435C}.Release|Any CPU.Build.0 = Release|Any CPU
		{502E1710-0E7E-470A-9CDD-D0A2BF43435C}.Release|Any CPU.Deploy.0 = Release|Any CPU
		{5F74FD96-BB47-48EC-8294-390C4DD57AD6}.Debug|Any CPU.ActiveCfg = Debug|Any CPU
		{5F74FD96-BB47-48EC-8294-390C4DD57AD6}.Debug|Any CPU.Build.0 = Debug|Any CPU
		{5F74FD96-BB47-48EC-8294-390C4DD57AD6}.Release|Any CPU.ActiveCfg = Release|Any CPU
		{5F74FD96-BB47-48EC-8294-390C4DD57AD6}.Release|Any CPU.Build.0 = Release|Any CPU
		{70596C63-8926-44ED-859C-DDA5100C0F85}.Debug|Any CPU.ActiveCfg = Debug|Any CPU
		{70596C63-8926-44ED-859C-DDA5100C0F85}.Debug|Any CPU.Build.0 = Debug|Any CPU
		{70596C63-8926-44ED-859C-DDA5100C0F85}.Release|Any CPU.ActiveCfg = Release|Any CPU
		{70596C63-8926-44ED-859C-DDA5100C0F85}.Release|Any CPU.Build.0 = Release|Any CPU
	EndGlobalSection
	GlobalSection(SolutionProperties) = preSolution
		HideSolutionNode = FALSE
	EndGlobalSection
	GlobalSection(ExtensibilityGlobals) = postSolution
		SolutionGuid = {09946FDB-0319-4DA5-8EE7-81828E95B85E}
	EndGlobalSection
EndGlobal
